// !$*UTF8*$!
{
	archiveVersion = 1;
	classes = {
	};
	objectVersion = 46;
	objects = {

/* Begin PBXBuildFile section */
		340ED9F61D8A0A5F007EC298 /* IZEvent.swift in Sources */ = {isa = PBXBuildFile; fileRef = 340ED9F51D8A0A5F007EC298 /* IZEvent.swift */; };
		34FF89F31C8A209A00C68588 /* AppDelegate.swift in Sources */ = {isa = PBXBuildFile; fileRef = 34FF89F21C8A209A00C68588 /* AppDelegate.swift */; };
		34FF89F51C8A209A00C68588 /* ViewController.swift in Sources */ = {isa = PBXBuildFile; fileRef = 34FF89F41C8A209A00C68588 /* ViewController.swift */; };
		34FF89F81C8A209A00C68588 /* Main.storyboard in Resources */ = {isa = PBXBuildFile; fileRef = 34FF89F61C8A209A00C68588 /* Main.storyboard */; };
		34FF89FA1C8A209A00C68588 /* Assets.xcassets in Resources */ = {isa = PBXBuildFile; fileRef = 34FF89F91C8A209A00C68588 /* Assets.xcassets */; };
		34FF89FD1C8A209A00C68588 /* LaunchScreen.storyboard in Resources */ = {isa = PBXBuildFile; fileRef = 34FF89FB1C8A209A00C68588 /* LaunchScreen.storyboard */; };
		34FF8A081C8A209A00C68588 /* ExampleTests.swift in Sources */ = {isa = PBXBuildFile; fileRef = 34FF8A071C8A209A00C68588 /* ExampleTests.swift */; };
/* End PBXBuildFile section */

/* Begin PBXContainerItemProxy section */
		34FF8A041C8A209A00C68588 /* PBXContainerItemProxy */ = {
			isa = PBXContainerItemProxy;
			containerPortal = 34FF89E71C8A209A00C68588 /* Project object */;
			proxyType = 1;
			remoteGlobalIDString = 34FF89EE1C8A209A00C68588;
			remoteInfo = Example;
		};
/* End PBXContainerItemProxy section */

/* Begin PBXFileReference section */
		340ED9F51D8A0A5F007EC298 /* IZEvent.swift */ = {isa = PBXFileReference; fileEncoding = 4; lastKnownFileType = sourcecode.swift; name = IZEvent.swift; path = ../../IZEvent.swift; sourceTree = "<group>"; };
		34FF89EF1C8A209A00C68588 /* Example.app */ = {isa = PBXFileReference; explicitFileType = wrapper.application; includeInIndex = 0; path = Example.app; sourceTree = BUILT_PRODUCTS_DIR; };
		34FF89F21C8A209A00C68588 /* AppDelegate.swift */ = {isa = PBXFileReference; lastKnownFileType = sourcecode.swift; path = AppDelegate.swift; sourceTree = "<group>"; };
		34FF89F41C8A209A00C68588 /* ViewController.swift */ = {isa = PBXFileReference; lastKnownFileType = sourcecode.swift; path = ViewController.swift; sourceTree = "<group>"; };
		34FF89F71C8A209A00C68588 /* Base */ = {isa = PBXFileReference; lastKnownFileType = file.storyboard; name = Base; path = Base.lproj/Main.storyboard; sourceTree = "<group>"; };
		34FF89F91C8A209A00C68588 /* Assets.xcassets */ = {isa = PBXFileReference; lastKnownFileType = folder.assetcatalog; path = Assets.xcassets; sourceTree = "<group>"; };
		34FF89FC1C8A209A00C68588 /* Base */ = {isa = PBXFileReference; lastKnownFileType = file.storyboard; name = Base; path = Base.lproj/LaunchScreen.storyboard; sourceTree = "<group>"; };
		34FF89FE1C8A209A00C68588 /* Info.plist */ = {isa = PBXFileReference; lastKnownFileType = text.plist.xml; path = Info.plist; sourceTree = "<group>"; };
		34FF8A031C8A209A00C68588 /* ExampleTests.xctest */ = {isa = PBXFileReference; explicitFileType = wrapper.cfbundle; includeInIndex = 0; path = ExampleTests.xctest; sourceTree = BUILT_PRODUCTS_DIR; };
		34FF8A071C8A209A00C68588 /* ExampleTests.swift */ = {isa = PBXFileReference; lastKnownFileType = sourcecode.swift; path = ExampleTests.swift; sourceTree = "<group>"; };
		34FF8A091C8A209A00C68588 /* Info.plist */ = {isa = PBXFileReference; lastKnownFileType = text.plist.xml; path = Info.plist; sourceTree = "<group>"; };
/* End PBXFileReference section */

/* Begin PBXFrameworksBuildPhase section */
		34FF89EC1C8A209A00C68588 /* Frameworks */ = {
			isa = PBXFrameworksBuildPhase;
			buildActionMask = 2147483647;
			files = (
			);
			runOnlyForDeploymentPostprocessing = 0;
		};
		34FF8A001C8A209A00C68588 /* Frameworks */ = {
			isa = PBXFrameworksBuildPhase;
			buildActionMask = 2147483647;
			files = (
			);
			runOnlyForDeploymentPostprocessing = 0;
		};
/* End PBXFrameworksBuildPhase section */

/* Begin PBXGroup section */
		340ED9F41D8A0A52007EC298 /* IZEvent */ = {
			isa = PBXGroup;
			children = (
				340ED9F51D8A0A5F007EC298 /* IZEvent.swift */,
			);
			name = IZEvent;
			sourceTree = "<group>";
		};
		34FF89E61C8A209A00C68588 = {
			isa = PBXGroup;
			children = (
				34FF89F11C8A209A00C68588 /* Example */,
				34FF8A061C8A209A00C68588 /* ExampleTests */,
				34FF89F01C8A209A00C68588 /* Products */,
			);
			sourceTree = "<group>";
		};
		34FF89F01C8A209A00C68588 /* Products */ = {
			isa = PBXGroup;
			children = (
				34FF89EF1C8A209A00C68588 /* Example.app */,
				34FF8A031C8A209A00C68588 /* ExampleTests.xctest */,
			);
			name = Products;
			sourceTree = "<group>";
		};
		34FF89F11C8A209A00C68588 /* Example */ = {
			isa = PBXGroup;
			children = (
				340ED9F41D8A0A52007EC298 /* IZEvent */,
				34FF89F21C8A209A00C68588 /* AppDelegate.swift */,
				34FF89F41C8A209A00C68588 /* ViewController.swift */,
				34FF89F61C8A209A00C68588 /* Main.storyboard */,
				34FF89F91C8A209A00C68588 /* Assets.xcassets */,
				34FF89FB1C8A209A00C68588 /* LaunchScreen.storyboard */,
				34FF89FE1C8A209A00C68588 /* Info.plist */,
			);
			path = Example;
			sourceTree = "<group>";
		};
		34FF8A061C8A209A00C68588 /* ExampleTests */ = {
			isa = PBXGroup;
			children = (
				34FF8A071C8A209A00C68588 /* ExampleTests.swift */,
				34FF8A091C8A209A00C68588 /* Info.plist */,
			);
			path = ExampleTests;
			sourceTree = "<group>";
		};
/* End PBXGroup section */

/* Begin PBXNativeTarget section */
		34FF89EE1C8A209A00C68588 /* Example */ = {
			isa = PBXNativeTarget;
			buildConfigurationList = 34FF8A0C1C8A209A00C68588 /* Build configuration list for PBXNativeTarget "Example" */;
			buildPhases = (
				34FF89EB1C8A209A00C68588 /* Sources */,
				34FF89EC1C8A209A00C68588 /* Frameworks */,
				34FF89ED1C8A209A00C68588 /* Resources */,
			);
			buildRules = (
			);
			dependencies = (
			);
			name = Example;
			productName = Example;
			productReference = 34FF89EF1C8A209A00C68588 /* Example.app */;
			productType = "com.apple.product-type.application";
		};
		34FF8A021C8A209A00C68588 /* ExampleTests */ = {
			isa = PBXNativeTarget;
			buildConfigurationList = 34FF8A0F1C8A209A00C68588 /* Build configuration list for PBXNativeTarget "ExampleTests" */;
			buildPhases = (
				34FF89FF1C8A209A00C68588 /* Sources */,
				34FF8A001C8A209A00C68588 /* Frameworks */,
				34FF8A011C8A209A00C68588 /* Resources */,
			);
			buildRules = (
			);
			dependencies = (
				34FF8A051C8A209A00C68588 /* PBXTargetDependency */,
			);
			name = ExampleTests;
			productName = ExampleTests;
			productReference = 34FF8A031C8A209A00C68588 /* ExampleTests.xctest */;
			productType = "com.apple.product-type.bundle.unit-test";
		};
/* End PBXNativeTarget section */

/* Begin PBXProject section */
		34FF89E71C8A209A00C68588 /* Project object */ = {
			isa = PBXProject;
			attributes = {
				LastSwiftUpdateCheck = 0720;
				LastUpgradeCheck = 0720;
				ORGANIZATIONNAME = Izeni;
				TargetAttributes = {
					34FF89EE1C8A209A00C68588 = {
						CreatedOnToolsVersion = 7.2.1;
						DevelopmentTeam = GPR2QT5748;
						LastSwiftMigration = 0800;
						ProvisioningStyle = Automatic;
					};
					34FF8A021C8A209A00C68588 = {
						CreatedOnToolsVersion = 7.2.1;
						DevelopmentTeam = GPR2QT5748;
						LastSwiftMigration = 0800;
						TestTargetID = 34FF89EE1C8A209A00C68588;
					};
				};
			};
			buildConfigurationList = 34FF89EA1C8A209A00C68588 /* Build configuration list for PBXProject "Example" */;
			compatibilityVersion = "Xcode 3.2";
			developmentRegion = English;
			hasScannedForEncodings = 0;
			knownRegions = (
				en,
				Base,
			);
			mainGroup = 34FF89E61C8A209A00C68588;
			productRefGroup = 34FF89F01C8A209A00C68588 /* Products */;
			projectDirPath = "";
			projectRoot = "";
			targets = (
				34FF89EE1C8A209A00C68588 /* Example */,
				34FF8A021C8A209A00C68588 /* ExampleTests */,
			);
		};
/* End PBXProject section */

/* Begin PBXResourcesBuildPhase section */
		34FF89ED1C8A209A00C68588 /* Resources */ = {
			isa = PBXResourcesBuildPhase;
			buildActionMask = 2147483647;
			files = (
				34FF89FD1C8A209A00C68588 /* LaunchScreen.storyboard in Resources */,
				34FF89FA1C8A209A00C68588 /* Assets.xcassets in Resources */,
				34FF89F81C8A209A00C68588 /* Main.storyboard in Resources */,
			);
			runOnlyForDeploymentPostprocessing = 0;
		};
		34FF8A011C8A209A00C68588 /* Resources */ = {
			isa = PBXResourcesBuildPhase;
			buildActionMask = 2147483647;
			files = (
			);
			runOnlyForDeploymentPostprocessing = 0;
		};
/* End PBXResourcesBuildPhase section */

/* Begin PBXSourcesBuildPhase section */
		34FF89EB1C8A209A00C68588 /* Sources */ = {
			isa = PBXSourcesBuildPhase;
			buildActionMask = 2147483647;
			files = (
				340ED9F61D8A0A5F007EC298 /* IZEvent.swift in Sources */,
				34FF89F51C8A209A00C68588 /* ViewController.swift in Sources */,
				34FF89F31C8A209A00C68588 /* AppDelegate.swift in Sources */,
			);
			runOnlyForDeploymentPostprocessing = 0;
		};
		34FF89FF1C8A209A00C68588 /* Sources */ = {
			isa = PBXSourcesBuildPhase;
			buildActionMask = 2147483647;
			files = (
				34FF8A081C8A209A00C68588 /* ExampleTests.swift in Sources */,
			);
			runOnlyForDeploymentPostprocessing = 0;
		};
/* End PBXSourcesBuildPhase section */

/* Begin PBXTargetDependency section */
		34FF8A051C8A209A00C68588 /* PBXTargetDependency */ = {
			isa = PBXTargetDependency;
			target = 34FF89EE1C8A209A00C68588 /* Example */;
			targetProxy = 34FF8A041C8A209A00C68588 /* PBXContainerItemProxy */;
		};
/* End PBXTargetDependency section */

/* Begin PBXVariantGroup section */
		34FF89F61C8A209A00C68588 /* Main.storyboard */ = {
			isa = PBXVariantGroup;
			children = (
				34FF89F71C8A209A00C68588 /* Base */,
			);
			name = Main.storyboard;
			sourceTree = "<group>";
		};
		34FF89FB1C8A209A00C68588 /* LaunchScreen.storyboard */ = {
			isa = PBXVariantGroup;
			children = (
				34FF89FC1C8A209A00C68588 /* Base */,
			);
			name = LaunchScreen.storyboard;
			sourceTree = "<group>";
		};
/* End PBXVariantGroup section */

/* Begin XCBuildConfiguration section */
		34FF8A0A1C8A209A00C68588 /* Debug */ = {
			isa = XCBuildConfiguration;
			buildSettings = {
				ALWAYS_SEARCH_USER_PATHS = NO;
				CLANG_CXX_LANGUAGE_STANDARD = "gnu++0x";
				CLANG_CXX_LIBRARY = "libc++";
				CLANG_ENABLE_MODULES = YES;
				CLANG_ENABLE_OBJC_ARC = YES;
				CLANG_WARN_BOOL_CONVERSION = YES;
				CLANG_WARN_CONSTANT_CONVERSION = YES;
				CLANG_WARN_DIRECT_OBJC_ISA_USAGE = YES_ERROR;
				CLANG_WARN_EMPTY_BODY = YES;
				CLANG_WARN_ENUM_CONVERSION = YES;
				CLANG_WARN_INT_CONVERSION = YES;
				CLANG_WARN_OBJC_ROOT_CLASS = YES_ERROR;
				CLANG_WARN_UNREACHABLE_CODE = YES;
				CLANG_WARN__DUPLICATE_METHOD_MATCH = YES;
				"CODE_SIGN_IDENTITY[sdk=iphoneos*]" = "iPhone Developer";
				COPY_PHASE_STRIP = NO;
				DEBUG_INFORMATION_FORMAT = dwarf;
				ENABLE_STRICT_OBJC_MSGSEND = YES;
				ENABLE_TESTABILITY = YES;
				GCC_C_LANGUAGE_STANDARD = gnu99;
				GCC_DYNAMIC_NO_PIC = NO;
				GCC_NO_COMMON_BLOCKS = YES;
				GCC_OPTIMIZATION_LEVEL = 0;
				GCC_PREPROCESSOR_DEFINITIONS = (
					"DEBUG=1",
					"$(inherited)",
				);
				GCC_WARN_64_TO_32_BIT_CONVERSION = YES;
				GCC_WARN_ABOUT_RETURN_TYPE = YES_ERROR;
				GCC_WARN_UNDECLARED_SELECTOR = YES;
				GCC_WARN_UNINITIALIZED_AUTOS = YES_AGGRESSIVE;
				GCC_WARN_UNUSED_FUNCTION = YES;
				GCC_WARN_UNUSED_VARIABLE = YES;
				IPHONEOS_DEPLOYMENT_TARGET = 9.2;
				MTL_ENABLE_DEBUG_INFO = YES;
				ONLY_ACTIVE_ARCH = YES;
				SDKROOT = iphoneos;
				SWIFT_OPTIMIZATION_LEVEL = "-Onone";
				TARGETED_DEVICE_FAMILY = "1,2";
			};
			name = Debug;
		};
		34FF8A0B1C8A209A00C68588 /* Release */ = {
			isa = XCBuildConfiguration;
			buildSettings = {
				ALWAYS_SEARCH_USER_PATHS = NO;
				CLANG_CXX_LANGUAGE_STANDARD = "gnu++0x";
				CLANG_CXX_LIBRARY = "libc++";
				CLANG_ENABLE_MODULES = YES;
				CLANG_ENABLE_OBJC_ARC = YES;
				CLANG_WARN_BOOL_CONVERSION = YES;
				CLANG_WARN_CONSTANT_CONVERSION = YES;
				CLANG_WARN_DIRECT_OBJC_ISA_USAGE = YES_ERROR;
				CLANG_WARN_EMPTY_BODY = YES;
				CLANG_WARN_ENUM_CONVERSION = YES;
				CLANG_WARN_INT_CONVERSION = YES;
				CLANG_WARN_OBJC_ROOT_CLASS = YES_ERROR;
				CLANG_WARN_UNREACHABLE_CODE = YES;
				CLANG_WARN__DUPLICATE_METHOD_MATCH = YES;
				"CODE_SIGN_IDENTITY[sdk=iphoneos*]" = "iPhone Developer";
				COPY_PHASE_STRIP = NO;
				DEBUG_INFORMATION_FORMAT = "dwarf-with-dsym";
				ENABLE_NS_ASSERTIONS = NO;
				ENABLE_STRICT_OBJC_MSGSEND = YES;
				GCC_C_LANGUAGE_STANDARD = gnu99;
				GCC_NO_COMMON_BLOCKS = YES;
				GCC_WARN_64_TO_32_BIT_CONVERSION = YES;
				GCC_WARN_ABOUT_RETURN_TYPE = YES_ERROR;
				GCC_WARN_UNDECLARED_SELECTOR = YES;
				GCC_WARN_UNINITIALIZED_AUTOS = YES_AGGRESSIVE;
				GCC_WARN_UNUSED_FUNCTION = YES;
				GCC_WARN_UNUSED_VARIABLE = YES;
				IPHONEOS_DEPLOYMENT_TARGET = 9.2;
				MTL_ENABLE_DEBUG_INFO = NO;
				SDKROOT = iphoneos;
				TARGETED_DEVICE_FAMILY = "1,2";
				VALIDATE_PRODUCT = YES;
			};
			name = Release;
		};
		34FF8A0D1C8A209A00C68588 /* Debug */ = {
			isa = XCBuildConfiguration;
			buildSettings = {
				ASSETCATALOG_COMPILER_APPICON_NAME = AppIcon;
				"CODE_SIGN_IDENTITY[sdk=iphoneos*]" = "iPhone Developer";
				DEVELOPMENT_TEAM = GPR2QT5748;
				INFOPLIST_FILE = Example/Info.plist;
				LD_RUNPATH_SEARCH_PATHS = "$(inherited) @executable_path/Frameworks";
				PRODUCT_BUNDLE_IDENTIFIER = com.izeni.izeventexample;
				PRODUCT_NAME = "$(TARGET_NAME)";
				PROVISIONING_PROFILE = "";
				PROVISIONING_PROFILE_SPECIFIER = "";
				SWIFT_VERSION = 3.0;
			};
			name = Debug;
		};
		34FF8A0E1C8A209A00C68588 /* Release */ = {
			isa = XCBuildConfiguration;
			buildSettings = {
				ASSETCATALOG_COMPILER_APPICON_NAME = AppIcon;
				"CODE_SIGN_IDENTITY[sdk=iphoneos*]" = "iPhone Developer";
				DEVELOPMENT_TEAM = GPR2QT5748;
				INFOPLIST_FILE = Example/Info.plist;
				LD_RUNPATH_SEARCH_PATHS = "$(inherited) @executable_path/Frameworks";
				PRODUCT_BUNDLE_IDENTIFIER = com.izeni.izeventexample;
				PRODUCT_NAME = "$(TARGET_NAME)";
				SWIFT_VERSION = 3.0;
			};
			name = Release;
		};
		34FF8A101C8A209A00C68588 /* Debug */ = {
			isa = XCBuildConfiguration;
			buildSettings = {
				BUNDLE_LOADER = "$(TEST_HOST)";
				DEVELOPMENT_TEAM = GPR2QT5748;
				INFOPLIST_FILE = ExampleTests/Info.plist;
				LD_RUNPATH_SEARCH_PATHS = "$(inherited) @executable_path/Frameworks @loader_path/Frameworks";
				PRODUCT_BUNDLE_IDENTIFIER = com.izeni.ExampleTests;
				PRODUCT_NAME = "$(TARGET_NAME)";
				SWIFT_VERSION = 3.0;
				TEST_HOST = "$(BUILT_PRODUCTS_DIR)/Example.app/Example";
			};
			name = Debug;
		};
		34FF8A111C8A209A00C68588 /* Release */ = {
			isa = XCBuildConfiguration;
			buildSettings = {
				BUNDLE_LOADER = "$(TEST_HOST)";
				DEVELOPMENT_TEAM = GPR2QT5748;
				INFOPLIST_FILE = ExampleTests/Info.plist;
				LD_RUNPATH_SEARCH_PATHS = "$(inherited) @executable_path/Frameworks @loader_path/Frameworks";
				PRODUCT_BUNDLE_IDENTIFIER = com.izeni.ExampleTests;
				PRODUCT_NAME = "$(TARGET_NAME)";
				SWIFT_VERSION = 3.0;
				TEST_HOST = "$(BUILT_PRODUCTS_DIR)/Example.app/Example";
			};
			name = Release;
		};
/* End XCBuildConfiguration section */

/* Begin XCConfigurationList section */
		34FF89EA1C8A209A00C68588 /* Build configuration list for PBXProject "Example" */ = {
			isa = XCConfigurationList;
			buildConfigurations = (
				34FF8A0A1C8A209A00C68588 /* Debug */,
				34FF8A0B1C8A209A00C68588 /* Release */,
			);
			defaultConfigurationIsVisible = 0;
			defaultConfigurationName = Release;
		};
		34FF8A0C1C8A209A00C68588 /* Build configuration list for PBXNativeTarget "Example" */ = {
			isa = XCConfigurationList;
			buildConfigurations = (
				34FF8A0D1C8A209A00C68588 /* Debug */,
				34FF8A0E1C8A209A00C68588 /* Release */,
			);
			defaultConfigurationIsVisible = 0;
			defaultConfigurationName = Release;
		};
		34FF8A0F1C8A209A00C68588 /* Build configuration list for PBXNativeTarget "ExampleTests" */ = {
			isa = XCConfigurationList;
			buildConfigurations = (
				34FF8A101C8A209A00C68588 /* Debug */,
				34FF8A111C8A209A00C68588 /* Release */,
			);
			defaultConfigurationIsVisible = 0;
			defaultConfigurationName = Release;
		};
/* End XCConfigurationList section */
	};
	rootObject = 34FF89E71C8A209A00C68588 /* Project object */;
}
